// !$*UTF8*$!
{
	archiveVersion = 1;
	classes = {
	};
	objectVersion = 56;
	objects = {

/* Begin PBXBuildFile section */
		EB17F42C2D483627000F8B03 /* RealityKitContent in Frameworks */ = {isa = PBXBuildFile; productRef = EB17F42B2D483627000F8B03 /* RealityKitContent */; };
		EB17F42E2D483627000F8B03 /* MindSphereApp.swift in Sources */ = {isa = PBXBuildFile; fileRef = EB17F42D2D483627000F8B03 /* MindSphereApp.swift */; };
		EB17F4302D483627000F8B03 /* ContentView.swift in Sources */ = {isa = PBXBuildFile; fileRef = EB17F42F2D483627000F8B03 /* ContentView.swift */; };
		EB17F4322D483629000F8B03 /* Assets.xcassets in Resources */ = {isa = PBXBuildFile; fileRef = EB17F4312D483629000F8B03 /* Assets.xcassets */; };
		EB17F4352D483629000F8B03 /* Preview Assets.xcassets in Resources */ = {isa = PBXBuildFile; fileRef = EB17F4342D483629000F8B03 /* Preview Assets.xcassets */; };
		EB17F4402D48362B000F8B03 /* MindSphereTests.swift in Sources */ = {isa = PBXBuildFile; fileRef = EB17F43F2D48362B000F8B03 /* MindSphereTests.swift */; };
		EB2C63422D498FD100A9EB2C /* DetailView.swift in Sources */ = {isa = PBXBuildFile; fileRef = EB2C63412D498FD100A9EB2C /* DetailView.swift */; };
/* End PBXBuildFile section */

/* Begin PBXContainerItemProxy section */
		EB17F43C2D48362B000F8B03 /* PBXContainerItemProxy */ = {
			isa = PBXContainerItemProxy;
			containerPortal = EB17F41E2D483627000F8B03 /* Project object */;
			proxyType = 1;
			remoteGlobalIDString = EB17F4252D483627000F8B03;
			remoteInfo = MindSphere;
		};
/* End PBXContainerItemProxy section */

/* Begin PBXFileReference section */
		EB17F4262D483627000F8B03 /* MindSphere.app */ = {isa = PBXFileReference; explicitFileType = wrapper.application; includeInIndex = 0; path = MindSphere.app; sourceTree = BUILT_PRODUCTS_DIR; };
		EB17F42A2D483627000F8B03 /* RealityKitContent */ = {isa = PBXFileReference; lastKnownFileType = wrapper; path = RealityKitContent; sourceTree = "<group>"; };
		EB17F42D2D483627000F8B03 /* MindSphereApp.swift */ = {isa = PBXFileReference; lastKnownFileType = sourcecode.swift; path = MindSphereApp.swift; sourceTree = "<group>"; };
		EB17F42F2D483627000F8B03 /* ContentView.swift */ = {isa = PBXFileReference; lastKnownFileType = sourcecode.swift; path = ContentView.swift; sourceTree = "<group>"; };
		EB17F4312D483629000F8B03 /* Assets.xcassets */ = {isa = PBXFileReference; lastKnownFileType = folder.assetcatalog; path = Assets.xcassets; sourceTree = "<group>"; };
		EB17F4342D483629000F8B03 /* Preview Assets.xcassets */ = {isa = PBXFileReference; lastKnownFileType = folder.assetcatalog; path = "Preview Assets.xcassets"; sourceTree = "<group>"; };
		EB17F4362D483629000F8B03 /* Info.plist */ = {isa = PBXFileReference; lastKnownFileType = text.plist.xml; path = Info.plist; sourceTree = "<group>"; };
		EB17F43B2D48362B000F8B03 /* MindSphereTests.xctest */ = {isa = PBXFileReference; explicitFileType = wrapper.cfbundle; includeInIndex = 0; path = MindSphereTests.xctest; sourceTree = BUILT_PRODUCTS_DIR; };
		EB17F43F2D48362B000F8B03 /* MindSphereTests.swift */ = {isa = PBXFileReference; lastKnownFileType = sourcecode.swift; path = MindSphereTests.swift; sourceTree = "<group>"; };
		EB2C63412D498FD100A9EB2C /* DetailView.swift */ = {isa = PBXFileReference; lastKnownFileType = sourcecode.swift; path = DetailView.swift; sourceTree = "<group>"; };
/* End PBXFileReference section */

/* Begin PBXFrameworksBuildPhase section */
		EB17F4232D483627000F8B03 /* Frameworks */ = {
			isa = PBXFrameworksBuildPhase;
			buildActionMask = 2147483647;
			files = (
				EB17F42C2D483627000F8B03 /* RealityKitContent in Frameworks */,
			);
			runOnlyForDeploymentPostprocessing = 0;
		};
		EB17F4382D48362B000F8B03 /* Frameworks */ = {
			isa = PBXFrameworksBuildPhase;
			buildActionMask = 2147483647;
			files = (
			);
			runOnlyForDeploymentPostprocessing = 0;
		};
/* End PBXFrameworksBuildPhase section */

/* Begin PBXGroup section */
		EB17F41D2D483627000F8B03 = {
			isa = PBXGroup;
			children = (
				EB17F4282D483627000F8B03 /* MindSphere */,
				EB17F4292D483627000F8B03 /* Packages */,
				EB17F43E2D48362B000F8B03 /* MindSphereTests */,
				EB17F4272D483627000F8B03 /* Products */,
			);
			sourceTree = "<group>";
		};
		EB17F4272D483627000F8B03 /* Products */ = {
			isa = PBXGroup;
			children = (
				EB17F4262D483627000F8B03 /* MindSphere.app */,
				EB17F43B2D48362B000F8B03 /* MindSphereTests.xctest */,
			);
			name = Products;
			sourceTree = "<group>";
		};
		EB17F4282D483627000F8B03 /* MindSphere */ = {
			isa = PBXGroup;
			children = (
				EB17F42D2D483627000F8B03 /* MindSphereApp.swift */,
				EB17F42F2D483627000F8B03 /* ContentView.swift */,
				EB2C63412D498FD100A9EB2C /* DetailView.swift */,
				EB17F4312D483629000F8B03 /* Assets.xcassets */,
				EB17F4362D483629000F8B03 /* Info.plist */,
				EB17F4332D483629000F8B03 /* Preview Content */,
			);
			path = MindSphere;
			sourceTree = "<group>";
		};
		EB17F4292D483627000F8B03 /* Packages */ = {
			isa = PBXGroup;
			children = (
				EB17F42A2D483627000F8B03 /* RealityKitContent */,
			);
			path = Packages;
			sourceTree = "<group>";
		};
		EB17F4332D483629000F8B03 /* Preview Content */ = {
			isa = PBXGroup;
			children = (
				EB17F4342D483629000F8B03 /* Preview Assets.xcassets */,
			);
			path = "Preview Content";
			sourceTree = "<group>";
		};
		EB17F43E2D48362B000F8B03 /* MindSphereTests */ = {
			isa = PBXGroup;
			children = (
				EB17F43F2D48362B000F8B03 /* MindSphereTests.swift */,
			);
			path = MindSphereTests;
			sourceTree = "<group>";
		};
/* End PBXGroup section */

/* Begin PBXNativeTarget section */
		EB17F4252D483627000F8B03 /* MindSphere */ = {
			isa = PBXNativeTarget;
			buildConfigurationList = EB17F4432D48362B000F8B03 /* Build configuration list for PBXNativeTarget "MindSphere" */;
			buildPhases = (
				EB17F4222D483627000F8B03 /* Sources */,
				EB17F4232D483627000F8B03 /* Frameworks */,
				EB17F4242D483627000F8B03 /* Resources */,
			);
			buildRules = (
			);
			dependencies = (
			);
			name = MindSphere;
			packageProductDependencies = (
				EB17F42B2D483627000F8B03 /* RealityKitContent */,
			);
			productName = MindSphere;
			productReference = EB17F4262D483627000F8B03 /* MindSphere.app */;
			productType = "com.apple.product-type.application";
		};
		EB17F43A2D48362B000F8B03 /* MindSphereTests */ = {
			isa = PBXNativeTarget;
			buildConfigurationList = EB17F4462D48362B000F8B03 /* Build configuration list for PBXNativeTarget "MindSphereTests" */;
			buildPhases = (
				EB17F4372D48362B000F8B03 /* Sources */,
				EB17F4382D48362B000F8B03 /* Frameworks */,
				EB17F4392D48362B000F8B03 /* Resources */,
			);
			buildRules = (
			);
			dependencies = (
				EB17F43D2D48362B000F8B03 /* PBXTargetDependency */,
			);
			name = MindSphereTests;
			productName = MindSphereTests;
			productReference = EB17F43B2D48362B000F8B03 /* MindSphereTests.xctest */;
			productType = "com.apple.product-type.bundle.unit-test";
		};
/* End PBXNativeTarget section */

/* Begin PBXProject section */
		EB17F41E2D483627000F8B03 /* Project object */ = {
			isa = PBXProject;
			attributes = {
				BuildIndependentTargetsInParallel = 1;
				LastSwiftUpdateCheck = 1540;
				LastUpgradeCheck = 1540;
				TargetAttributes = {
					EB17F4252D483627000F8B03 = {
						CreatedOnToolsVersion = 15.4;
					};
					EB17F43A2D48362B000F8B03 = {
						CreatedOnToolsVersion = 15.4;
						TestTargetID = EB17F4252D483627000F8B03;
					};
				};
			};
			buildConfigurationList = EB17F4212D483627000F8B03 /* Build configuration list for PBXProject "MindSphere" */;
			compatibilityVersion = "Xcode 14.0";
			developmentRegion = en;
			hasScannedForEncodings = 0;
			knownRegions = (
				en,
				Base,
			);
			mainGroup = EB17F41D2D483627000F8B03;
			productRefGroup = EB17F4272D483627000F8B03 /* Products */;
			projectDirPath = "";
			projectRoot = "";
			targets = (
				EB17F4252D483627000F8B03 /* MindSphere */,
				EB17F43A2D48362B000F8B03 /* MindSphereTests */,
			);
		};
/* End PBXProject section */

/* Begin PBXResourcesBuildPhase section */
		EB17F4242D483627000F8B03 /* Resources */ = {
			isa = PBXResourcesBuildPhase;
			buildActionMask = 2147483647;
			files = (
				EB17F4352D483629000F8B03 /* Preview Assets.xcassets in Resources */,
				EB17F4322D483629000F8B03 /* Assets.xcassets in Resources */,
			);
			runOnlyForDeploymentPostprocessing = 0;
		};
		EB17F4392D48362B000F8B03 /* Resources */ = {
			isa = PBXResourcesBuildPhase;
			buildActionMask = 2147483647;
			files = (
			);
			runOnlyForDeploymentPostprocessing = 0;
		};
/* End PBXResourcesBuildPhase section */

/* Begin PBXSourcesBuildPhase section */
		EB17F4222D483627000F8B03 /* Sources */ = {
			isa = PBXSourcesBuildPhase;
			buildActionMask = 2147483647;
			files = (
				EB17F4302D483627000F8B03 /* ContentView.swift in Sources */,
				EB2C63422D498FD100A9EB2C /* DetailView.swift in Sources */,
				EB17F42E2D483627000F8B03 /* MindSphereApp.swift in Sources */,
			);
			runOnlyForDeploymentPostprocessing = 0;
		};
		EB17F4372D48362B000F8B03 /* Sources */ = {
			isa = PBXSourcesBuildPhase;
			buildActionMask = 2147483647;
			files = (
				EB17F4402D48362B000F8B03 /* MindSphereTests.swift in Sources */,
			);
			runOnlyForDeploymentPostprocessing = 0;
		};
/* End PBXSourcesBuildPhase section */

/* Begin PBXTargetDependency section */
		EB17F43D2D48362B000F8B03 /* PBXTargetDependency */ = {
			isa = PBXTargetDependency;
			target = EB17F4252D483627000F8B03 /* MindSphere */;
			targetProxy = EB17F43C2D48362B000F8B03 /* PBXContainerItemProxy */;
		};
/* End PBXTargetDependency section */

/* Begin XCBuildConfiguration section */
		EB17F4412D48362B000F8B03 /* Debug */ = {
			isa = XCBuildConfiguration;
			buildSettings = {
				ALWAYS_SEARCH_USER_PATHS = NO;
				ASSETCATALOG_COMPILER_GENERATE_SWIFT_ASSET_SYMBOL_EXTENSIONS = YES;
				CLANG_ANALYZER_NONNULL = YES;
				CLANG_ANALYZER_NUMBER_OBJECT_CONVERSION = YES_AGGRESSIVE;
				CLANG_CXX_LANGUAGE_STANDARD = "gnu++20";
				CLANG_ENABLE_MODULES = YES;
				CLANG_ENABLE_OBJC_ARC = YES;
				CLANG_ENABLE_OBJC_WEAK = YES;
				CLANG_WARN_BLOCK_CAPTURE_AUTORELEASING = YES;
				CLANG_WARN_BOOL_CONVERSION = YES;
				CLANG_WARN_COMMA = YES;
				CLANG_WARN_CONSTANT_CONVERSION = YES;
				CLANG_WARN_DEPRECATED_OBJC_IMPLEMENTATIONS = YES;
				CLANG_WARN_DIRECT_OBJC_ISA_USAGE = YES_ERROR;
				CLANG_WARN_DOCUMENTATION_COMMENTS = YES;
				CLANG_WARN_EMPTY_BODY = YES;
				CLANG_WARN_ENUM_CONVERSION = YES;
				CLANG_WARN_INFINITE_RECURSION = YES;
				CLANG_WARN_INT_CONVERSION = YES;
				CLANG_WARN_NON_LITERAL_NULL_CONVERSION = YES;
				CLANG_WARN_OBJC_IMPLICIT_RETAIN_SELF = YES;
				CLANG_WARN_OBJC_LITERAL_CONVERSION = YES;
				CLANG_WARN_OBJC_ROOT_CLASS = YES_ERROR;
				CLANG_WARN_QUOTED_INCLUDE_IN_FRAMEWORK_HEADER = YES;
				CLANG_WARN_RANGE_LOOP_ANALYSIS = YES;
				CLANG_WARN_STRICT_PROTOTYPES = YES;
				CLANG_WARN_SUSPICIOUS_MOVE = YES;
				CLANG_WARN_UNGUARDED_AVAILABILITY = YES_AGGRESSIVE;
				CLANG_WARN_UNREACHABLE_CODE = YES;
				CLANG_WARN__DUPLICATE_METHOD_MATCH = YES;
				COPY_PHASE_STRIP = NO;
				DEBUG_INFORMATION_FORMAT = dwarf;
				ENABLE_STRICT_OBJC_MSGSEND = YES;
				ENABLE_TESTABILITY = YES;
				ENABLE_USER_SCRIPT_SANDBOXING = YES;
				GCC_C_LANGUAGE_STANDARD = gnu17;
				GCC_DYNAMIC_NO_PIC = NO;
				GCC_NO_COMMON_BLOCKS = YES;
				GCC_OPTIMIZATION_LEVEL = 0;
				GCC_PREPROCESSOR_DEFINITIONS = (
					"DEBUG=1",
					"$(inherited)",
				);
				GCC_WARN_64_TO_32_BIT_CONVERSION = YES;
				GCC_WARN_ABOUT_RETURN_TYPE = YES_ERROR;
				GCC_WARN_UNDECLARED_SELECTOR = YES;
				GCC_WARN_UNINITIALIZED_AUTOS = YES_AGGRESSIVE;
				GCC_WARN_UNUSED_FUNCTION = YES;
				GCC_WARN_UNUSED_VARIABLE = YES;
				LOCALIZATION_PREFERS_STRING_CATALOGS = YES;
				MTL_ENABLE_DEBUG_INFO = INCLUDE_SOURCE;
				MTL_FAST_MATH = YES;
				ONLY_ACTIVE_ARCH = YES;
				SDKROOT = xros;
				SWIFT_ACTIVE_COMPILATION_CONDITIONS = "DEBUG $(inherited)";
				SWIFT_OPTIMIZATION_LEVEL = "-Onone";
				XROS_DEPLOYMENT_TARGET = 1.2;
			};
			name = Debug;
		};
		EB17F4422D48362B000F8B03 /* Release */ = {
			isa = XCBuildConfiguration;
			buildSettings = {
				ALWAYS_SEARCH_USER_PATHS = NO;
				ASSETCATALOG_COMPILER_GENERATE_SWIFT_ASSET_SYMBOL_EXTENSIONS = YES;
				CLANG_ANALYZER_NONNULL = YES;
				CLANG_ANALYZER_NUMBER_OBJECT_CONVERSION = YES_AGGRESSIVE;
				CLANG_CXX_LANGUAGE_STANDARD = "gnu++20";
				CLANG_ENABLE_MODULES = YES;
				CLANG_ENABLE_OBJC_ARC = YES;
				CLANG_ENABLE_OBJC_WEAK = YES;
				CLANG_WARN_BLOCK_CAPTURE_AUTORELEASING = YES;
				CLANG_WARN_BOOL_CONVERSION = YES;
				CLANG_WARN_COMMA = YES;
				CLANG_WARN_CONSTANT_CONVERSION = YES;
				CLANG_WARN_DEPRECATED_OBJC_IMPLEMENTATIONS = YES;
				CLANG_WARN_DIRECT_OBJC_ISA_USAGE = YES_ERROR;
				CLANG_WARN_DOCUMENTATION_COMMENTS = YES;
				CLANG_WARN_EMPTY_BODY = YES;
				CLANG_WARN_ENUM_CONVERSION = YES;
				CLANG_WARN_INFINITE_RECURSION = YES;
				CLANG_WARN_INT_CONVERSION = YES;
				CLANG_WARN_NON_LITERAL_NULL_CONVERSION = YES;
				CLANG_WARN_OBJC_IMPLICIT_RETAIN_SELF = YES;
				CLANG_WARN_OBJC_LITERAL_CONVERSION = YES;
				CLANG_WARN_OBJC_ROOT_CLASS = YES_ERROR;
				CLANG_WARN_QUOTED_INCLUDE_IN_FRAMEWORK_HEADER = YES;
				CLANG_WARN_RANGE_LOOP_ANALYSIS = YES;
				CLANG_WARN_STRICT_PROTOTYPES = YES;
				CLANG_WARN_SUSPICIOUS_MOVE = YES;
				CLANG_WARN_UNGUARDED_AVAILABILITY = YES_AGGRESSIVE;
				CLANG_WARN_UNREACHABLE_CODE = YES;
				CLANG_WARN__DUPLICATE_METHOD_MATCH = YES;
				COPY_PHASE_STRIP = NO;
				DEBUG_INFORMATION_FORMAT = "dwarf-with-dsym";
				ENABLE_NS_ASSERTIONS = NO;
				ENABLE_STRICT_OBJC_MSGSEND = YES;
				ENABLE_USER_SCRIPT_SANDBOXING = YES;
				GCC_C_LANGUAGE_STANDARD = gnu17;
				GCC_NO_COMMON_BLOCKS = YES;
				GCC_WARN_64_TO_32_BIT_CONVERSION = YES;
				GCC_WARN_ABOUT_RETURN_TYPE = YES_ERROR;
				GCC_WARN_UNDECLARED_SELECTOR = YES;
				GCC_WARN_UNINITIALIZED_AUTOS = YES_AGGRESSIVE;
				GCC_WARN_UNUSED_FUNCTION = YES;
				GCC_WARN_UNUSED_VARIABLE = YES;
				LOCALIZATION_PREFERS_STRING_CATALOGS = YES;
				MTL_ENABLE_DEBUG_INFO = NO;
				MTL_FAST_MATH = YES;
				SDKROOT = xros;
				SWIFT_COMPILATION_MODE = wholemodule;
				VALIDATE_PRODUCT = YES;
				XROS_DEPLOYMENT_TARGET = 1.2;
			};
			name = Release;
		};
		EB17F4442D48362B000F8B03 /* Debug */ = {
			isa = XCBuildConfiguration;
			buildSettings = {
				ASSETCATALOG_COMPILER_APPICON_NAME = AppIcon;
				ASSETCATALOG_COMPILER_GLOBAL_ACCENT_COLOR_NAME = AccentColor;
				CODE_SIGN_STYLE = Automatic;
				CURRENT_PROJECT_VERSION = 1;
				DEVELOPMENT_ASSET_PATHS = "\"MindSphere/Preview Content\"";
				ENABLE_PREVIEWS = YES;
				GENERATE_INFOPLIST_FILE = YES;
				INFOPLIST_FILE = "$(TARGET_NAME)/Info.plist";
				LD_RUNPATH_SEARCH_PATHS = (
					"$(inherited)",
					"@executable_path/Frameworks",
				);
				MARKETING_VERSION = 1.0;
				PRODUCT_BUNDLE_IDENTIFIER = JanSteinhauer.MindSphere;
				PRODUCT_NAME = "$(TARGET_NAME)";
				SUPPORTED_PLATFORMS = "xros xrsimulator";
				SWIFT_EMIT_LOC_STRINGS = YES;
				SWIFT_VERSION = 5.0;
				TARGETED_DEVICE_FAMILY = "1,2,7";
			};
			name = Debug;
		};
		EB17F4452D48362B000F8B03 /* Release */ = {
			isa = XCBuildConfiguration;
			buildSettings = {
				ASSETCATALOG_COMPILER_APPICON_NAME = AppIcon;
				ASSETCATALOG_COMPILER_GLOBAL_ACCENT_COLOR_NAME = AccentColor;
				CODE_SIGN_STYLE = Automatic;
				CURRENT_PROJECT_VERSION = 1;
				DEVELOPMENT_ASSET_PATHS = "\"MindSphere/Preview Content\"";
				ENABLE_PREVIEWS = YES;
				GENERATE_INFOPLIST_FILE = YES;
				INFOPLIST_FILE = "$(TARGET_NAME)/Info.plist";
				LD_RUNPATH_SEARCH_PATHS = (
					"$(inherited)",
					"@executable_path/Frameworks",
				);
				MARKETING_VERSION = 1.0;
				PRODUCT_BUNDLE_IDENTIFIER = JanSteinhauer.MindSphere;
				PRODUCT_NAME = "$(TARGET_NAME)";
				SUPPORTED_PLATFORMS = "xros xrsimulator";
				SWIFT_EMIT_LOC_STRINGS = YES;
				SWIFT_VERSION = 5.0;
				TARGETED_DEVICE_FAMILY = "1,2,7";
			};
			name = Release;
		};
		EB17F4472D48362B000F8B03 /* Debug */ = {
			isa = XCBuildConfiguration;
			buildSettings = {
				ALWAYS_EMBED_SWIFT_STANDARD_LIBRARIES = YES;
				BUNDLE_LOADER = "$(TEST_HOST)";
				CODE_SIGN_STYLE = Automatic;
				CURRENT_PROJECT_VERSION = 1;
				GENERATE_INFOPLIST_FILE = YES;
				MARKETING_VERSION = 1.0;
				PRODUCT_BUNDLE_IDENTIFIER = JanSteinhauer.MindSphereTests;
				PRODUCT_NAME = "$(TARGET_NAME)";
				SUPPORTED_PLATFORMS = "xros xrsimulator";
				SWIFT_EMIT_LOC_STRINGS = NO;
				SWIFT_VERSION = 5.0;
				TARGETED_DEVICE_FAMILY = "1,2,7";
				TEST_HOST = "$(BUILT_PRODUCTS_DIR)/MindSphere.app/$(BUNDLE_EXECUTABLE_FOLDER_PATH)/MindSphere";
				XROS_DEPLOYMENT_TARGET = 1.2;
			};
			name = Debug;
		};
		EB17F4482D48362B000F8B03 /* Release */ = {
			isa = XCBuildConfiguration;
			buildSettings = {
				ALWAYS_EMBED_SWIFT_STANDARD_LIBRARIES = YES;
				BUNDLE_LOADER = "$(TEST_HOST)";
				CODE_SIGN_STYLE = Automatic;
				CURRENT_PROJECT_VERSION = 1;
				GENERATE_INFOPLIST_FILE = YES;
				MARKETING_VERSION = 1.0;
				PRODUCT_BUNDLE_IDENTIFIER = JanSteinhauer.MindSphereTests;
				PRODUCT_NAME = "$(TARGET_NAME)";
				SUPPORTED_PLATFORMS = "xros xrsimulator";
				SWIFT_EMIT_LOC_STRINGS = NO;
				SWIFT_VERSION = 5.0;
				TARGETED_DEVICE_FAMILY = "1,2,7";
				TEST_HOST = "$(BUILT_PRODUCTS_DIR)/MindSphere.app/$(BUNDLE_EXECUTABLE_FOLDER_PATH)/MindSphere";
				XROS_DEPLOYMENT_TARGET = 1.2;
			};
			name = Release;
		};
/* End XCBuildConfiguration section */

/* Begin XCConfigurationList section */
		EB17F4212D483627000F8B03 /* Build configuration list for PBXProject "MindSphere" */ = {
			isa = XCConfigurationList;
			buildConfigurations = (
				EB17F4412D48362B000F8B03 /* Debug */,
				EB17F4422D48362B000F8B03 /* Release */,
			);
			defaultConfigurationIsVisible = 0;
			defaultConfigurationName = Release;
		};
		EB17F4432D48362B000F8B03 /* Build configuration list for PBXNativeTarget "MindSphere" */ = {
			isa = XCConfigurationList;
			buildConfigurations = (
				EB17F4442D48362B000F8B03 /* Debug */,
				EB17F4452D48362B000F8B03 /* Release */,
			);
			defaultConfigurationIsVisible = 0;
			defaultConfigurationName = Release;
		};
		EB17F4462D48362B000F8B03 /* Build configuration list for PBXNativeTarget "MindSphereTests" */ = {
			isa = XCConfigurationList;
			buildConfigurations = (
				EB17F4472D48362B000F8B03 /* Debug */,
				EB17F4482D48362B000F8B03 /* Release */,
			);
			defaultConfigurationIsVisible = 0;
			defaultConfigurationName = Release;
		};
/* End XCConfigurationList section */

/* Begin XCSwiftPackageProductDependency section */
		EB17F42B2D483627000F8B03 /* RealityKitContent */ = {
			isa = XCSwiftPackageProductDependency;
			productName = RealityKitContent;
		};
/* End XCSwiftPackageProductDependency section */
	};
	rootObject = EB17F41E2D483627000F8B03 /* Project object */;
}
